// !$*UTF8*$!
{
	archiveVersion = 1;
	classes = {
	};
	objectVersion = 46;
	objects = {

/* Begin PBXBuildFile section */
		C024F1D11932E35D0065FD33 /* cm_fresh_paint.ttf in Resources */ = {isa = PBXBuildFile; fileRef = C024F1D01932E35D0065FD33 /* cm_fresh_paint.ttf */; };
		C03A9A851940645400834100 /* ASHighScoreViewController.m in Sources */ = {isa = PBXBuildFile; fileRef = C03A9A841940645400834100 /* ASHighScoreViewController.m */; };
		C03A9A88194067AD00834100 /* HighScore.m in Sources */ = {isa = PBXBuildFile; fileRef = C03A9A87194067AD00834100 /* HighScore.m */; };
		C09F3AFA1933081F009BBE1C /* corkboard_280_50@2x.png in Resources */ = {isa = PBXBuildFile; fileRef = C09F3AF81933081F009BBE1C /* corkboard_280_50@2x.png */; };
		C09F3AFB1933081F009BBE1C /* sand@2x.png in Resources */ = {isa = PBXBuildFile; fileRef = C09F3AF91933081F009BBE1C /* sand@2x.png */; };
		C09F3AFE1933082A009BBE1C /* corkboard_280_50.png in Resources */ = {isa = PBXBuildFile; fileRef = C09F3AFC1933082A009BBE1C /* corkboard_280_50.png */; };
		C09F3AFF1933082A009BBE1C /* sand.png in Resources */ = {isa = PBXBuildFile; fileRef = C09F3AFD1933082A009BBE1C /* sand.png */; };
		C09F3B0219330997009BBE1C /* ASDifficultyViewController.m in Sources */ = {isa = PBXBuildFile; fileRef = C09F3B0119330997009BBE1C /* ASDifficultyViewController.m */; };
		C09F3B0619330F4B009BBE1C /* arrow_left_invert@2x.png in Resources */ = {isa = PBXBuildFile; fileRef = C09F3B0319330F4B009BBE1C /* arrow_left_invert@2x.png */; };
		C09F3B0719330F4B009BBE1C /* arrow_left@2x.png in Resources */ = {isa = PBXBuildFile; fileRef = C09F3B0419330F4B009BBE1C /* arrow_left@2x.png */; };
		C09F3B0819330F4B009BBE1C /* arrow_right@2x.png in Resources */ = {isa = PBXBuildFile; fileRef = C09F3B0519330F4B009BBE1C /* arrow_right@2x.png */; };
		C09F3B0C19330F5A009BBE1C /* arrow_left_invert.png in Resources */ = {isa = PBXBuildFile; fileRef = C09F3B0919330F5A009BBE1C /* arrow_left_invert.png */; };
		C09F3B0D19330F5A009BBE1C /* arrow_left.png in Resources */ = {isa = PBXBuildFile; fileRef = C09F3B0A19330F5A009BBE1C /* arrow_left.png */; };
		C09F3B0E19330F5A009BBE1C /* arrow_right.png in Resources */ = {isa = PBXBuildFile; fileRef = C09F3B0B19330F5A009BBE1C /* arrow_right.png */; };
		C09F3B11193310B2009BBE1C /* buttonboard_280_48_right.png in Resources */ = {isa = PBXBuildFile; fileRef = C09F3B0F193310B2009BBE1C /* buttonboard_280_48_right.png */; };
		C09F3B12193310B2009BBE1C /* buttonboard_280_48.png in Resources */ = {isa = PBXBuildFile; fileRef = C09F3B10193310B2009BBE1C /* buttonboard_280_48.png */; };
		C09F3B15193310BE009BBE1C /* buttonboard_280_48_right@2x.png in Resources */ = {isa = PBXBuildFile; fileRef = C09F3B13193310BE009BBE1C /* buttonboard_280_48_right@2x.png */; };
		C09F3B16193310BE009BBE1C /* buttonboard_280_48@2x.png in Resources */ = {isa = PBXBuildFile; fileRef = C09F3B14193310BE009BBE1C /* buttonboard_280_48@2x.png */; };
		C09F3B19193312CE009BBE1C /* ASGameViewController.m in Sources */ = {isa = PBXBuildFile; fileRef = C09F3B18193312CE009BBE1C /* ASGameViewController.m */; };
		C0A00D6F194021D90003A7D5 /* ASUILabel+PaintFont.m in Sources */ = {isa = PBXBuildFile; fileRef = C0A00D6E194021D90003A7D5 /* ASUILabel+PaintFont.m */; };
		C0A00D74194023B80003A7D5 /* ASUIButton+PaintFont.m in Sources */ = {isa = PBXBuildFile; fileRef = C0A00D73194023B80003A7D5 /* ASUIButton+PaintFont.m */; };
		C0A00D77194026010003A7D5 /* ASUserWinViewController.m in Sources */ = {isa = PBXBuildFile; fileRef = C0A00D76194026010003A7D5 /* ASUserWinViewController.m */; };
		C0A00D7A194028930003A7D5 /* ASUserLostViewController.m in Sources */ = {isa = PBXBuildFile; fileRef = C0A00D79194028930003A7D5 /* ASUserLostViewController.m */; };
		C0A1E940192D6E4D00B4384D /* Foundation.framework in Frameworks */ = {isa = PBXBuildFile; fileRef = C0A1E93F192D6E4D00B4384D /* Foundation.framework */; };
		C0A1E942192D6E4D00B4384D /* CoreGraphics.framework in Frameworks */ = {isa = PBXBuildFile; fileRef = C0A1E941192D6E4D00B4384D /* CoreGraphics.framework */; };
		C0A1E944192D6E4D00B4384D /* UIKit.framework in Frameworks */ = {isa = PBXBuildFile; fileRef = C0A1E943192D6E4D00B4384D /* UIKit.framework */; };
		C0A1E946192D6E4D00B4384D /* CoreData.framework in Frameworks */ = {isa = PBXBuildFile; fileRef = C0A1E945192D6E4D00B4384D /* CoreData.framework */; };
		C0A1E94C192D6E4D00B4384D /* InfoPlist.strings in Resources */ = {isa = PBXBuildFile; fileRef = C0A1E94A192D6E4D00B4384D /* InfoPlist.strings */; };
		C0A1E94E192D6E4D00B4384D /* main.m in Sources */ = {isa = PBXBuildFile; fileRef = C0A1E94D192D6E4D00B4384D /* main.m */; };
		C0A1E952192D6E4D00B4384D /* ASAppDelegate.m in Sources */ = {isa = PBXBuildFile; fileRef = C0A1E951192D6E4D00B4384D /* ASAppDelegate.m */; };
		C0A1E955192D6E4E00B4384D /* Number_Guess.xcdatamodeld in Sources */ = {isa = PBXBuildFile; fileRef = C0A1E953192D6E4E00B4384D /* Number_Guess.xcdatamodeld */; };
		C0A1E957192D6E4E00B4384D /* Images.xcassets in Resources */ = {isa = PBXBuildFile; fileRef = C0A1E956192D6E4E00B4384D /* Images.xcassets */; };
		C0A1E95E192D6E4E00B4384D /* XCTest.framework in Frameworks */ = {isa = PBXBuildFile; fileRef = C0A1E95D192D6E4E00B4384D /* XCTest.framework */; };
		C0A1E95F192D6E4E00B4384D /* Foundation.framework in Frameworks */ = {isa = PBXBuildFile; fileRef = C0A1E93F192D6E4D00B4384D /* Foundation.framework */; };
		C0A1E960192D6E4E00B4384D /* UIKit.framework in Frameworks */ = {isa = PBXBuildFile; fileRef = C0A1E943192D6E4D00B4384D /* UIKit.framework */; };
		C0A1E961192D6E4E00B4384D /* CoreData.framework in Frameworks */ = {isa = PBXBuildFile; fileRef = C0A1E945192D6E4D00B4384D /* CoreData.framework */; };
		C0A1E969192D6E4E00B4384D /* InfoPlist.strings in Resources */ = {isa = PBXBuildFile; fileRef = C0A1E967192D6E4E00B4384D /* InfoPlist.strings */; };
		C0A1E96B192D6E4E00B4384D /* Number_GuessTests.m in Sources */ = {isa = PBXBuildFile; fileRef = C0A1E96A192D6E4E00B4384D /* Number_GuessTests.m */; };
		C0A1E97C192D6E9100B4384D /* canvas_view@2x.png in Resources */ = {isa = PBXBuildFile; fileRef = C0A1E975192D6E9100B4384D /* canvas_view@2x.png */; };
		C0A1E97D192D6E9100B4384D /* game_view@2x.png in Resources */ = {isa = PBXBuildFile; fileRef = C0A1E976192D6E9100B4384D /* game_view@2x.png */; };
		C0A1E97E192D6E9100B4384D /* sign_cross@2x.png in Resources */ = {isa = PBXBuildFile; fileRef = C0A1E977192D6E9100B4384D /* sign_cross@2x.png */; };
		C0A1E97F192D6E9100B4384D /* sign_left@2x.png in Resources */ = {isa = PBXBuildFile; fileRef = C0A1E978192D6E9100B4384D /* sign_left@2x.png */; };
		C0A1E980192D6E9100B4384D /* sign_question@2x.png in Resources */ = {isa = PBXBuildFile; fileRef = C0A1E979192D6E9100B4384D /* sign_question@2x.png */; };
		C0A1E981192D6E9100B4384D /* sign_right@2x.png in Resources */ = {isa = PBXBuildFile; fileRef = C0A1E97A192D6E9100B4384D /* sign_right@2x.png */; };
		C0A1E982192D6E9100B4384D /* sign_tick@2x.png in Resources */ = {isa = PBXBuildFile; fileRef = C0A1E97B192D6E9100B4384D /* sign_tick@2x.png */; };
		C0A1E98A192D6EA300B4384D /* canvas_view.png in Resources */ = {isa = PBXBuildFile; fileRef = C0A1E983192D6EA300B4384D /* canvas_view.png */; };
		C0A1E98B192D6EA300B4384D /* game_view.png in Resources */ = {isa = PBXBuildFile; fileRef = C0A1E984192D6EA300B4384D /* game_view.png */; };
		C0A1E98C192D6EA300B4384D /* sign_cross.png in Resources */ = {isa = PBXBuildFile; fileRef = C0A1E985192D6EA300B4384D /* sign_cross.png */; };
		C0A1E98D192D6EA300B4384D /* sign_left.png in Resources */ = {isa = PBXBuildFile; fileRef = C0A1E986192D6EA300B4384D /* sign_left.png */; };
		C0A1E98E192D6EA300B4384D /* sign_question.png in Resources */ = {isa = PBXBuildFile; fileRef = C0A1E987192D6EA300B4384D /* sign_question.png */; };
		C0A1E98F192D6EA300B4384D /* sign_right.png in Resources */ = {isa = PBXBuildFile; fileRef = C0A1E988192D6EA300B4384D /* sign_right.png */; };
		C0A1E990192D6EA300B4384D /* sign_tick.png in Resources */ = {isa = PBXBuildFile; fileRef = C0A1E989192D6EA300B4384D /* sign_tick.png */; };
		C0A1E992192D6EBA00B4384D /* Game.storyboard in Resources */ = {isa = PBXBuildFile; fileRef = C0A1E991192D6EBA00B4384D /* Game.storyboard */; };
		C0A1E996192D836400B4384D /* ASCardTest.m in Sources */ = {isa = PBXBuildFile; fileRef = C0A1E995192D836400B4384D /* ASCardTest.m */; };
		C0A3ECDC193F2B6500EA283F /* back.mp3 in Resources */ = {isa = PBXBuildFile; fileRef = C0A3ECD8193F2B6400EA283F /* back.mp3 */; };
		C0A3ECDD193F2B6500EA283F /* card_transition.mp3 in Resources */ = {isa = PBXBuildFile; fileRef = C0A3ECD9193F2B6400EA283F /* card_transition.mp3 */; };
		C0A3ECDE193F2B6500EA283F /* confirm.mp3 in Resources */ = {isa = PBXBuildFile; fileRef = C0A3ECDA193F2B6400EA283F /* confirm.mp3 */; };
		C0A3ECDF193F2B6500EA283F /* lobby.mp3 in Resources */ = {isa = PBXBuildFile; fileRef = C0A3ECDB193F2B6500EA283F /* lobby.mp3 */; };
		C0A3ECE2193F578A00EA283F /* buttonboard_280_48_left@2x.png in Resources */ = {isa = PBXBuildFile; fileRef = C0A3ECE0193F578A00EA283F /* buttonboard_280_48_left@2x.png */; };
		C0A3ECE3193F578A00EA283F /* corkboard_280_460@2x.png in Resources */ = {isa = PBXBuildFile; fileRef = C0A3ECE1193F578A00EA283F /* corkboard_280_460@2x.png */; };
		C0A3ECE6193F579900EA283F /* buttonboard_280_48_left.png in Resources */ = {isa = PBXBuildFile; fileRef = C0A3ECE4193F579900EA283F /* buttonboard_280_48_left.png */; };
		C0A3ECE7193F579900EA283F /* corkboard_280_460.png in Resources */ = {isa = PBXBuildFile; fileRef = C0A3ECE5193F579900EA283F /* corkboard_280_460.png */; };
		C0A3ECEA193F5C4700EA283F /* corkboard_280_160@2x.png in Resources */ = {isa = PBXBuildFile; fileRef = C0A3ECE8193F5C4700EA283F /* corkboard_280_160@2x.png */; };
		C0A3ECEB193F5C4700EA283F /* trophy_golden@2x.png in Resources */ = {isa = PBXBuildFile; fileRef = C0A3ECE9193F5C4700EA283F /* trophy_golden@2x.png */; };
		C0A3ECEE193F5C5200EA283F /* corkboard_280_160.png in Resources */ = {isa = PBXBuildFile; fileRef = C0A3ECEC193F5C5200EA283F /* corkboard_280_160.png */; };
		C0A3ECEF193F5C5200EA283F /* trophy_golden.png in Resources */ = {isa = PBXBuildFile; fileRef = C0A3ECED193F5C5200EA283F /* trophy_golden.png */; };
		C0A55545193BE9CA0002DE57 /* background.png in Resources */ = {isa = PBXBuildFile; fileRef = C0A55544193BE9CA0002DE57 /* background.png */; };
		C0A55547193BE9D40002DE57 /* background@2x.png in Resources */ = {isa = PBXBuildFile; fileRef = C0A55546193BE9D40002DE57 /* background@2x.png */; };
		C0D79169193BFE0100B756D1 /* ASCardView.m in Sources */ = {isa = PBXBuildFile; fileRef = C0D79168193BFE0100B756D1 /* ASCardView.m */; };
		C0D7916C193C118C00B756D1 /* ASUserGuessViewController.m in Sources */ = {isa = PBXBuildFile; fileRef = C0D7916B193C118C00B756D1 /* ASUserGuessViewController.m */; };
		D24FF1F1AE0839B8FB95DDDB /* ASCard.m in Sources */ = {isa = PBXBuildFile; fileRef = D24FF648D84D1A29BDC840CE /* ASCard.m */; };
		D24FF221C11C70DD8345F661 /* ASHomeViewController.m in Sources */ = {isa = PBXBuildFile; fileRef = D24FFE6DF52610733A52D1CA /* ASHomeViewController.m */; };
		D24FF253861D687C31E454DF /* ASEasyGameDifficultyCommand.m in Sources */ = {isa = PBXBuildFile; fileRef = D24FFA63D9D18EECEE65841E /* ASEasyGameDifficultyCommand.m */; };
		D24FF28539B09868DB012483 /* ASStandardGameMode.m in Sources */ = {isa = PBXBuildFile; fileRef = D24FF64FEE2F9762A3EA6E70 /* ASStandardGameMode.m */; };
		D24FF2E3C653D7BA04DC387B /* ASSingleGameCore.m in Sources */ = {isa = PBXBuildFile; fileRef = D24FF484CEC2E5116F750A0E /* ASSingleGameCore.m */; };
		D24FF36D9CE91D194ACBE8D7 /* ASAudioEngine.m in Sources */ = {isa = PBXBuildFile; fileRef = D24FF681654B497E079B10B9 /* ASAudioEngine.m */; };
		D24FF412A314627A405ACE47 /* ASBinaryGameKeyGeneratorTest.m in Sources */ = {isa = PBXBuildFile; fileRef = D24FFC00B986F60ED18ECFE4 /* ASBinaryGameKeyGeneratorTest.m */; };
		D24FF4AE9683B70B11D39118 /* ASStandardGameModeTest.m in Sources */ = {isa = PBXBuildFile; fileRef = D24FF496E6D0F93433933EED /* ASStandardGameModeTest.m */; };
		D24FF5304D9B5254CF512ECF /* ASGameCoreTest.m in Sources */ = {isa = PBXBuildFile; fileRef = D24FF573F97F87F7BB129BA8 /* ASGameCoreTest.m */; };
		D24FF5E789E31DCE92533C88 /* ASHighScoreDAO.m in Sources */ = {isa = PBXBuildFile; fileRef = D24FFF5BE9CA6A03A7BBC529 /* ASHighScoreDAO.m */; };
		D24FF65374F8B49D146BCFD9 /* ASBasicScoreTracker.m in Sources */ = {isa = PBXBuildFile; fileRef = D24FF1F66FCFA64260B320C6 /* ASBasicScoreTracker.m */; };
		D24FF77CD53F9C9FBC96B7B6 /* ASHardGameDifficultyCommand.m in Sources */ = {isa = PBXBuildFile; fileRef = D24FF622CE0D43C9F01D3088 /* ASHardGameDifficultyCommand.m */; };
		D24FFA454AC1079D6BA2568E /* ASBasicScoreTrackerTest.m in Sources */ = {isa = PBXBuildFile; fileRef = D24FFF195DE27AB6C4BAB27A /* ASBasicScoreTrackerTest.m */; };
		D24FFAC504DB90FA69990695 /* ASGameCore.m in Sources */ = {isa = PBXBuildFile; fileRef = D24FFDE52222FBC0B1D791C8 /* ASGameCore.m */; };
		D24FFAFDBA89206BC2F75C77 /* ASBinaryGameSequenceCommand.m in Sources */ = {isa = PBXBuildFile; fileRef = D24FF303B88E450E3F64FA8A /* ASBinaryGameSequenceCommand.m */; };
		D24FFB1AD7F95ECFE7FD0257 /* ASRootNavigationController.m in Sources */ = {isa = PBXBuildFile; fileRef = D24FF94CFE4AF907CF3E52F7 /* ASRootNavigationController.m */; };
		D24FFBCEC70CC79A706478DE /* ASCustomGameDifficultyCommand.m in Sources */ = {isa = PBXBuildFile; fileRef = D24FF63D70DE4B94E22B73A0 /* ASCustomGameDifficultyCommand.m */; };
		D24FFCF1B8AFF02573BC1866 /* ASTypeFaceFactory.m in Sources */ = {isa = PBXBuildFile; fileRef = D24FFA8B7A67624C1916B8E6 /* ASTypeFaceFactory.m */; };
		D24FFD339A184F7B4A920B2D /* OldStyleNavigationControllerAnimatedTransition.m in Sources */ = {isa = PBXBuildFile; fileRef = D24FFD685DC033BF8F800137 /* OldStyleNavigationControllerAnimatedTransition.m */; };
		D24FFE6BD8D6E4212CCCDA1C /* ASMediumGameDifficultyCommand.m in Sources */ = {isa = PBXBuildFile; fileRef = D24FF203DDEB5AAA6A208847 /* ASMediumGameDifficultyCommand.m */; };
		D24FFFBCFA13A793D58FE473 /* ASBinaryGameKeyGenerator.m in Sources */ = {isa = PBXBuildFile; fileRef = D24FF1792541532F9118E6E5 /* ASBinaryGameKeyGenerator.m */; };
/* End PBXBuildFile section */

/* Begin PBXContainerItemProxy section */
		C0A1E962192D6E4E00B4384D /* PBXContainerItemProxy */ = {
			isa = PBXContainerItemProxy;
			containerPortal = C0A1E934192D6E4D00B4384D /* Project object */;
			proxyType = 1;
			remoteGlobalIDString = C0A1E93B192D6E4D00B4384D;
			remoteInfo = "Number Guess";
		};
/* End PBXContainerItemProxy section */

/* Begin PBXFileReference section */
		C024F1D01932E35D0065FD33 /* cm_fresh_paint.ttf */ = {isa = PBXFileReference; lastKnownFileType = file; path = cm_fresh_paint.ttf; sourceTree = "<group>"; };
		C03A9A831940645400834100 /* ASHighScoreViewController.h */ = {isa = PBXFileReference; fileEncoding = 4; lastKnownFileType = sourcecode.c.h; path = ASHighScoreViewController.h; sourceTree = "<group>"; };
		C03A9A841940645400834100 /* ASHighScoreViewController.m */ = {isa = PBXFileReference; fileEncoding = 4; lastKnownFileType = sourcecode.c.objc; path = ASHighScoreViewController.m; sourceTree = "<group>"; };
		C03A9A86194067AD00834100 /* HighScore.h */ = {isa = PBXFileReference; fileEncoding = 4; lastKnownFileType = sourcecode.c.h; path = HighScore.h; sourceTree = "<group>"; };
		C03A9A87194067AD00834100 /* HighScore.m */ = {isa = PBXFileReference; fileEncoding = 4; lastKnownFileType = sourcecode.c.objc; path = HighScore.m; sourceTree = "<group>"; };
		C09F3AF81933081F009BBE1C /* corkboard_280_50@2x.png */ = {isa = PBXFileReference; lastKnownFileType = image.png; path = "corkboard_280_50@2x.png"; sourceTree = "<group>"; };
		C09F3AF91933081F009BBE1C /* sand@2x.png */ = {isa = PBXFileReference; lastKnownFileType = image.png; path = "sand@2x.png"; sourceTree = "<group>"; };
		C09F3AFC1933082A009BBE1C /* corkboard_280_50.png */ = {isa = PBXFileReference; lastKnownFileType = image.png; path = corkboard_280_50.png; sourceTree = "<group>"; };
		C09F3AFD1933082A009BBE1C /* sand.png */ = {isa = PBXFileReference; lastKnownFileType = image.png; path = sand.png; sourceTree = "<group>"; };
		C09F3B0019330997009BBE1C /* ASDifficultyViewController.h */ = {isa = PBXFileReference; fileEncoding = 4; lastKnownFileType = sourcecode.c.h; path = ASDifficultyViewController.h; sourceTree = "<group>"; };
		C09F3B0119330997009BBE1C /* ASDifficultyViewController.m */ = {isa = PBXFileReference; fileEncoding = 4; lastKnownFileType = sourcecode.c.objc; path = ASDifficultyViewController.m; sourceTree = "<group>"; };
		C09F3B0319330F4B009BBE1C /* arrow_left_invert@2x.png */ = {isa = PBXFileReference; lastKnownFileType = image.png; name = "arrow_left_invert@2x.png"; path = "../arrow_left_invert@2x.png"; sourceTree = "<group>"; };
		C09F3B0419330F4B009BBE1C /* arrow_left@2x.png */ = {isa = PBXFileReference; lastKnownFileType = image.png; name = "arrow_left@2x.png"; path = "../arrow_left@2x.png"; sourceTree = "<group>"; };
		C09F3B0519330F4B009BBE1C /* arrow_right@2x.png */ = {isa = PBXFileReference; lastKnownFileType = image.png; name = "arrow_right@2x.png"; path = "../arrow_right@2x.png"; sourceTree = "<group>"; };
		C09F3B0919330F5A009BBE1C /* arrow_left_invert.png */ = {isa = PBXFileReference; lastKnownFileType = image.png; name = arrow_left_invert.png; path = ../arrow_left_invert.png; sourceTree = "<group>"; };
		C09F3B0A19330F5A009BBE1C /* arrow_left.png */ = {isa = PBXFileReference; lastKnownFileType = image.png; name = arrow_left.png; path = ../arrow_left.png; sourceTree = "<group>"; };
		C09F3B0B19330F5A009BBE1C /* arrow_right.png */ = {isa = PBXFileReference; lastKnownFileType = image.png; name = arrow_right.png; path = ../arrow_right.png; sourceTree = "<group>"; };
		C09F3B0F193310B2009BBE1C /* buttonboard_280_48_right.png */ = {isa = PBXFileReference; lastKnownFileType = image.png; name = buttonboard_280_48_right.png; path = ../buttonboard_280_48_right.png; sourceTree = "<group>"; };
		C09F3B10193310B2009BBE1C /* buttonboard_280_48.png */ = {isa = PBXFileReference; lastKnownFileType = image.png; name = buttonboard_280_48.png; path = ../buttonboard_280_48.png; sourceTree = "<group>"; };
		C09F3B13193310BE009BBE1C /* buttonboard_280_48_right@2x.png */ = {isa = PBXFileReference; lastKnownFileType = image.png; name = "buttonboard_280_48_right@2x.png"; path = "../buttonboard_280_48_right@2x.png"; sourceTree = "<group>"; };
		C09F3B14193310BE009BBE1C /* buttonboard_280_48@2x.png */ = {isa = PBXFileReference; lastKnownFileType = image.png; name = "buttonboard_280_48@2x.png"; path = "../buttonboard_280_48@2x.png"; sourceTree = "<group>"; };
		C09F3B17193312CE009BBE1C /* ASGameViewController.h */ = {isa = PBXFileReference; fileEncoding = 4; lastKnownFileType = sourcecode.c.h; path = ASGameViewController.h; sourceTree = "<group>"; };
		C09F3B18193312CE009BBE1C /* ASGameViewController.m */ = {isa = PBXFileReference; fileEncoding = 4; lastKnownFileType = sourcecode.c.objc; path = ASGameViewController.m; sourceTree = "<group>"; };
		C0A00D6D194021D90003A7D5 /* ASUILabel+PaintFont.h */ = {isa = PBXFileReference; fileEncoding = 4; lastKnownFileType = sourcecode.c.h; name = "ASUILabel+PaintFont.h"; path = "../ASUILabel+PaintFont.h"; sourceTree = "<group>"; };
		C0A00D6E194021D90003A7D5 /* ASUILabel+PaintFont.m */ = {isa = PBXFileReference; fileEncoding = 4; lastKnownFileType = sourcecode.c.objc; name = "ASUILabel+PaintFont.m"; path = "../ASUILabel+PaintFont.m"; sourceTree = "<group>"; };
		C0A00D72194023B80003A7D5 /* ASUIButton+PaintFont.h */ = {isa = PBXFileReference; fileEncoding = 4; lastKnownFileType = sourcecode.c.h; path = "ASUIButton+PaintFont.h"; sourceTree = "<group>"; };
		C0A00D73194023B80003A7D5 /* ASUIButton+PaintFont.m */ = {isa = PBXFileReference; fileEncoding = 4; lastKnownFileType = sourcecode.c.objc; path = "ASUIButton+PaintFont.m"; sourceTree = "<group>"; };
		C0A00D75194026010003A7D5 /* ASUserWinViewController.h */ = {isa = PBXFileReference; fileEncoding = 4; lastKnownFileType = sourcecode.c.h; path = ASUserWinViewController.h; sourceTree = "<group>"; };
		C0A00D76194026010003A7D5 /* ASUserWinViewController.m */ = {isa = PBXFileReference; fileEncoding = 4; lastKnownFileType = sourcecode.c.objc; path = ASUserWinViewController.m; sourceTree = "<group>"; };
		C0A00D78194028930003A7D5 /* ASUserLostViewController.h */ = {isa = PBXFileReference; fileEncoding = 4; lastKnownFileType = sourcecode.c.h; path = ASUserLostViewController.h; sourceTree = "<group>"; };
		C0A00D79194028930003A7D5 /* ASUserLostViewController.m */ = {isa = PBXFileReference; fileEncoding = 4; lastKnownFileType = sourcecode.c.objc; path = ASUserLostViewController.m; sourceTree = "<group>"; };
		C0A1E93C192D6E4D00B4384D /* Number Guess.app */ = {isa = PBXFileReference; explicitFileType = wrapper.application; includeInIndex = 0; path = "Number Guess.app"; sourceTree = BUILT_PRODUCTS_DIR; };
		C0A1E93F192D6E4D00B4384D /* Foundation.framework */ = {isa = PBXFileReference; lastKnownFileType = wrapper.framework; name = Foundation.framework; path = System/Library/Frameworks/Foundation.framework; sourceTree = SDKROOT; };
		C0A1E941192D6E4D00B4384D /* CoreGraphics.framework */ = {isa = PBXFileReference; lastKnownFileType = wrapper.framework; name = CoreGraphics.framework; path = System/Library/Frameworks/CoreGraphics.framework; sourceTree = SDKROOT; };
		C0A1E943192D6E4D00B4384D /* UIKit.framework */ = {isa = PBXFileReference; lastKnownFileType = wrapper.framework; name = UIKit.framework; path = System/Library/Frameworks/UIKit.framework; sourceTree = SDKROOT; };
		C0A1E945192D6E4D00B4384D /* CoreData.framework */ = {isa = PBXFileReference; lastKnownFileType = wrapper.framework; name = CoreData.framework; path = System/Library/Frameworks/CoreData.framework; sourceTree = SDKROOT; };
		C0A1E949192D6E4D00B4384D /* Number Guess-Info.plist */ = {isa = PBXFileReference; lastKnownFileType = text.plist.xml; path = "Number Guess-Info.plist"; sourceTree = "<group>"; };
		C0A1E94B192D6E4D00B4384D /* en */ = {isa = PBXFileReference; lastKnownFileType = text.plist.strings; name = en; path = en.lproj/InfoPlist.strings; sourceTree = "<group>"; };
		C0A1E94D192D6E4D00B4384D /* main.m */ = {isa = PBXFileReference; lastKnownFileType = sourcecode.c.objc; path = main.m; sourceTree = "<group>"; };
		C0A1E94F192D6E4D00B4384D /* Number Guess-Prefix.pch */ = {isa = PBXFileReference; lastKnownFileType = sourcecode.c.h; path = "Number Guess-Prefix.pch"; sourceTree = "<group>"; };
		C0A1E950192D6E4D00B4384D /* ASAppDelegate.h */ = {isa = PBXFileReference; lastKnownFileType = sourcecode.c.h; path = ASAppDelegate.h; sourceTree = "<group>"; };
		C0A1E951192D6E4D00B4384D /* ASAppDelegate.m */ = {isa = PBXFileReference; lastKnownFileType = sourcecode.c.objc; path = ASAppDelegate.m; sourceTree = "<group>"; };
		C0A1E954192D6E4E00B4384D /* Number_Guess.xcdatamodel */ = {isa = PBXFileReference; lastKnownFileType = wrapper.xcdatamodel; path = Number_Guess.xcdatamodel; sourceTree = "<group>"; };
		C0A1E956192D6E4E00B4384D /* Images.xcassets */ = {isa = PBXFileReference; lastKnownFileType = folder.assetcatalog; path = Images.xcassets; sourceTree = "<group>"; };
		C0A1E95C192D6E4E00B4384D /* Number GuessTests.xctest */ = {isa = PBXFileReference; explicitFileType = wrapper.cfbundle; includeInIndex = 0; path = "Number GuessTests.xctest"; sourceTree = BUILT_PRODUCTS_DIR; };
		C0A1E95D192D6E4E00B4384D /* XCTest.framework */ = {isa = PBXFileReference; lastKnownFileType = wrapper.framework; name = XCTest.framework; path = Library/Frameworks/XCTest.framework; sourceTree = DEVELOPER_DIR; };
		C0A1E966192D6E4E00B4384D /* Number GuessTests-Info.plist */ = {isa = PBXFileReference; lastKnownFileType = text.plist.xml; path = "Number GuessTests-Info.plist"; sourceTree = "<group>"; };
		C0A1E968192D6E4E00B4384D /* en */ = {isa = PBXFileReference; lastKnownFileType = text.plist.strings; name = en; path = en.lproj/InfoPlist.strings; sourceTree = "<group>"; };
		C0A1E96A192D6E4E00B4384D /* Number_GuessTests.m */ = {isa = PBXFileReference; lastKnownFileType = sourcecode.c.objc; path = Number_GuessTests.m; sourceTree = "<group>"; };
		C0A1E975192D6E9100B4384D /* canvas_view@2x.png */ = {isa = PBXFileReference; lastKnownFileType = image.png; path = "canvas_view@2x.png"; sourceTree = "<group>"; };
		C0A1E976192D6E9100B4384D /* game_view@2x.png */ = {isa = PBXFileReference; lastKnownFileType = image.png; path = "game_view@2x.png"; sourceTree = "<group>"; };
		C0A1E977192D6E9100B4384D /* sign_cross@2x.png */ = {isa = PBXFileReference; lastKnownFileType = image.png; path = "sign_cross@2x.png"; sourceTree = "<group>"; };
		C0A1E978192D6E9100B4384D /* sign_left@2x.png */ = {isa = PBXFileReference; lastKnownFileType = image.png; path = "sign_left@2x.png"; sourceTree = "<group>"; };
		C0A1E979192D6E9100B4384D /* sign_question@2x.png */ = {isa = PBXFileReference; lastKnownFileType = image.png; path = "sign_question@2x.png"; sourceTree = "<group>"; };
		C0A1E97A192D6E9100B4384D /* sign_right@2x.png */ = {isa = PBXFileReference; lastKnownFileType = image.png; path = "sign_right@2x.png"; sourceTree = "<group>"; };
		C0A1E97B192D6E9100B4384D /* sign_tick@2x.png */ = {isa = PBXFileReference; lastKnownFileType = image.png; path = "sign_tick@2x.png"; sourceTree = "<group>"; };
		C0A1E983192D6EA300B4384D /* canvas_view.png */ = {isa = PBXFileReference; lastKnownFileType = image.png; path = canvas_view.png; sourceTree = "<group>"; };
		C0A1E984192D6EA300B4384D /* game_view.png */ = {isa = PBXFileReference; lastKnownFileType = image.png; path = game_view.png; sourceTree = "<group>"; };
		C0A1E985192D6EA300B4384D /* sign_cross.png */ = {isa = PBXFileReference; lastKnownFileType = image.png; path = sign_cross.png; sourceTree = "<group>"; };
		C0A1E986192D6EA300B4384D /* sign_left.png */ = {isa = PBXFileReference; lastKnownFileType = image.png; path = sign_left.png; sourceTree = "<group>"; };
		C0A1E987192D6EA300B4384D /* sign_question.png */ = {isa = PBXFileReference; lastKnownFileType = image.png; path = sign_question.png; sourceTree = "<group>"; };
		C0A1E988192D6EA300B4384D /* sign_right.png */ = {isa = PBXFileReference; lastKnownFileType = image.png; path = sign_right.png; sourceTree = "<group>"; };
		C0A1E989192D6EA300B4384D /* sign_tick.png */ = {isa = PBXFileReference; lastKnownFileType = image.png; path = sign_tick.png; sourceTree = "<group>"; };
		C0A1E991192D6EBA00B4384D /* Game.storyboard */ = {isa = PBXFileReference; fileEncoding = 4; lastKnownFileType = file.storyboard; path = Game.storyboard; sourceTree = "<group>"; };
		C0A1E995192D836400B4384D /* ASCardTest.m */ = {isa = PBXFileReference; fileEncoding = 4; lastKnownFileType = sourcecode.c.objc; path = ASCardTest.m; sourceTree = "<group>"; };
		C0A3ECD8193F2B6400EA283F /* back.mp3 */ = {isa = PBXFileReference; lastKnownFileType = audio.mp3; name = back.mp3; path = ../back.mp3; sourceTree = "<group>"; };
		C0A3ECD9193F2B6400EA283F /* card_transition.mp3 */ = {isa = PBXFileReference; lastKnownFileType = audio.mp3; name = card_transition.mp3; path = ../card_transition.mp3; sourceTree = "<group>"; };
		C0A3ECDA193F2B6400EA283F /* confirm.mp3 */ = {isa = PBXFileReference; lastKnownFileType = audio.mp3; name = confirm.mp3; path = ../confirm.mp3; sourceTree = "<group>"; };
		C0A3ECDB193F2B6500EA283F /* lobby.mp3 */ = {isa = PBXFileReference; lastKnownFileType = audio.mp3; name = lobby.mp3; path = ../lobby.mp3; sourceTree = "<group>"; };
		C0A3ECE0193F578A00EA283F /* buttonboard_280_48_left@2x.png */ = {isa = PBXFileReference; lastKnownFileType = image.png; name = "buttonboard_280_48_left@2x.png"; path = "../buttonboard_280_48_left@2x.png"; sourceTree = "<group>"; };
		C0A3ECE1193F578A00EA283F /* corkboard_280_460@2x.png */ = {isa = PBXFileReference; lastKnownFileType = image.png; name = "corkboard_280_460@2x.png"; path = "../corkboard_280_460@2x.png"; sourceTree = "<group>"; };
		C0A3ECE4193F579900EA283F /* buttonboard_280_48_left.png */ = {isa = PBXFileReference; lastKnownFileType = image.png; name = buttonboard_280_48_left.png; path = ../buttonboard_280_48_left.png; sourceTree = "<group>"; };
		C0A3ECE5193F579900EA283F /* corkboard_280_460.png */ = {isa = PBXFileReference; lastKnownFileType = image.png; name = corkboard_280_460.png; path = ../corkboard_280_460.png; sourceTree = "<group>"; };
		C0A3ECE8193F5C4700EA283F /* corkboard_280_160@2x.png */ = {isa = PBXFileReference; lastKnownFileType = image.png; name = "corkboard_280_160@2x.png"; path = "../corkboard_280_160@2x.png"; sourceTree = "<group>"; };
		C0A3ECE9193F5C4700EA283F /* trophy_golden@2x.png */ = {isa = PBXFileReference; lastKnownFileType = image.png; name = "trophy_golden@2x.png"; path = "../trophy_golden@2x.png"; sourceTree = "<group>"; };
		C0A3ECEC193F5C5200EA283F /* corkboard_280_160.png */ = {isa = PBXFileReference; lastKnownFileType = image.png; name = corkboard_280_160.png; path = ../corkboard_280_160.png; sourceTree = "<group>"; };
		C0A3ECED193F5C5200EA283F /* trophy_golden.png */ = {isa = PBXFileReference; lastKnownFileType = image.png; name = trophy_golden.png; path = ../trophy_golden.png; sourceTree = "<group>"; };
		C0A55544193BE9CA0002DE57 /* background.png */ = {isa = PBXFileReference; lastKnownFileType = image.png; path = background.png; sourceTree = "<group>"; };
		C0A55546193BE9D40002DE57 /* background@2x.png */ = {isa = PBXFileReference; lastKnownFileType = image.png; path = "background@2x.png"; sourceTree = "<group>"; };
		C0D79167193BFE0100B756D1 /* ASCardView.h */ = {isa = PBXFileReference; fileEncoding = 4; lastKnownFileType = sourcecode.c.h; path = ASCardView.h; sourceTree = "<group>"; };
		C0D79168193BFE0100B756D1 /* ASCardView.m */ = {isa = PBXFileReference; fileEncoding = 4; lastKnownFileType = sourcecode.c.objc; path = ASCardView.m; sourceTree = "<group>"; };
		C0D7916A193C118C00B756D1 /* ASUserGuessViewController.h */ = {isa = PBXFileReference; fileEncoding = 4; lastKnownFileType = sourcecode.c.h; path = ASUserGuessViewController.h; sourceTree = "<group>"; };
		C0D7916B193C118C00B756D1 /* ASUserGuessViewController.m */ = {isa = PBXFileReference; fileEncoding = 4; lastKnownFileType = sourcecode.c.objc; path = ASUserGuessViewController.m; sourceTree = "<group>"; };
		D24FF05B42845EC5FC4E83FB /* ASGameCore.h */ = {isa = PBXFileReference; fileEncoding = 4; lastKnownFileType = sourcecode.c.h; path = ASGameCore.h; sourceTree = "<group>"; };
		D24FF0F33B1523C621F8E658 /* OldStyleNavigationControllerAnimatedTransition.h */ = {isa = PBXFileReference; fileEncoding = 4; lastKnownFileType = sourcecode.c.h; path = OldStyleNavigationControllerAnimatedTransition.h; sourceTree = "<group>"; };
		D24FF105C9DCE217A1B14CD5 /* ASMediumGameDifficultyCommand.h */ = {isa = PBXFileReference; fileEncoding = 4; lastKnownFileType = sourcecode.c.h; path = ASMediumGameDifficultyCommand.h; sourceTree = "<group>"; };
		D24FF1792541532F9118E6E5 /* ASBinaryGameKeyGenerator.m */ = {isa = PBXFileReference; fileEncoding = 4; lastKnownFileType = sourcecode.c.objc; path = ASBinaryGameKeyGenerator.m; sourceTree = "<group>"; };
		D24FF1F66FCFA64260B320C6 /* ASBasicScoreTracker.m */ = {isa = PBXFileReference; fileEncoding = 4; lastKnownFileType = sourcecode.c.objc; path = ASBasicScoreTracker.m; sourceTree = "<group>"; };
		D24FF203DDEB5AAA6A208847 /* ASMediumGameDifficultyCommand.m */ = {isa = PBXFileReference; fileEncoding = 4; lastKnownFileType = sourcecode.c.objc; path = ASMediumGameDifficultyCommand.m; sourceTree = "<group>"; };
		D24FF21F3190031CD7090971 /* ASHomeViewController.h */ = {isa = PBXFileReference; fileEncoding = 4; lastKnownFileType = sourcecode.c.h; path = ASHomeViewController.h; sourceTree = "<group>"; };
		D24FF29BF3746217CBD0317A /* ASTypeFaceFactory.h */ = {isa = PBXFileReference; fileEncoding = 4; lastKnownFileType = sourcecode.c.h; path = ASTypeFaceFactory.h; sourceTree = "<group>"; };
		D24FF2B705A6D1EBFA1F61FE /* ASCustomGameDifficultyCommand.h */ = {isa = PBXFileReference; fileEncoding = 4; lastKnownFileType = sourcecode.c.h; path = ASCustomGameDifficultyCommand.h; sourceTree = "<group>"; };
		D24FF303B88E450E3F64FA8A /* ASBinaryGameSequenceCommand.m */ = {isa = PBXFileReference; fileEncoding = 4; lastKnownFileType = sourcecode.c.objc; path = ASBinaryGameSequenceCommand.m; sourceTree = "<group>"; };
		D24FF44065F50EBF57979776 /* ASAudioEngine.h */ = {isa = PBXFileReference; fileEncoding = 4; lastKnownFileType = sourcecode.c.h; path = ASAudioEngine.h; sourceTree = "<group>"; };
		D24FF484CEC2E5116F750A0E /* ASSingleGameCore.m */ = {isa = PBXFileReference; fileEncoding = 4; lastKnownFileType = sourcecode.c.objc; path = ASSingleGameCore.m; sourceTree = "<group>"; };
		D24FF48F4DDC7BB722CB33BB /* Command.h */ = {isa = PBXFileReference; fileEncoding = 4; lastKnownFileType = sourcecode.c.h; name = Command.h; path = ../Command.h; sourceTree = "<group>"; };
		D24FF496E6D0F93433933EED /* ASStandardGameModeTest.m */ = {isa = PBXFileReference; fileEncoding = 4; lastKnownFileType = sourcecode.c.objc; path = ASStandardGameModeTest.m; sourceTree = "<group>"; };
		D24FF573F97F87F7BB129BA8 /* ASGameCoreTest.m */ = {isa = PBXFileReference; fileEncoding = 4; lastKnownFileType = sourcecode.c.objc; path = ASGameCoreTest.m; sourceTree = "<group>"; };
		D24FF5ADC8E3BEDB9D19314E /* ASHighScoreDAO.h */ = {isa = PBXFileReference; fileEncoding = 4; lastKnownFileType = sourcecode.c.h; path = ASHighScoreDAO.h; sourceTree = "<group>"; };
		D24FF5DD64189A99D5330541 /* ASGameScoreTracker.h */ = {isa = PBXFileReference; fileEncoding = 4; lastKnownFileType = sourcecode.c.h; path = ASGameScoreTracker.h; sourceTree = "<group>"; };
		D24FF622CE0D43C9F01D3088 /* ASHardGameDifficultyCommand.m */ = {isa = PBXFileReference; fileEncoding = 4; lastKnownFileType = sourcecode.c.objc; path = ASHardGameDifficultyCommand.m; sourceTree = "<group>"; };
		D24FF63D70DE4B94E22B73A0 /* ASCustomGameDifficultyCommand.m */ = {isa = PBXFileReference; fileEncoding = 4; lastKnownFileType = sourcecode.c.objc; path = ASCustomGameDifficultyCommand.m; sourceTree = "<group>"; };
		D24FF648D84D1A29BDC840CE /* ASCard.m */ = {isa = PBXFileReference; fileEncoding = 4; lastKnownFileType = sourcecode.c.objc; path = ASCard.m; sourceTree = "<group>"; };
		D24FF64FEE2F9762A3EA6E70 /* ASStandardGameMode.m */ = {isa = PBXFileReference; fileEncoding = 4; lastKnownFileType = sourcecode.c.objc; path = ASStandardGameMode.m; sourceTree = "<group>"; };
		D24FF681654B497E079B10B9 /* ASAudioEngine.m */ = {isa = PBXFileReference; fileEncoding = 4; lastKnownFileType = sourcecode.c.objc; path = ASAudioEngine.m; sourceTree = "<group>"; };
		D24FF767D1BD30688F6EAEC9 /* ASGameKeyGenerator.h */ = {isa = PBXFileReference; fileEncoding = 4; lastKnownFileType = sourcecode.c.h; path = ASGameKeyGenerator.h; sourceTree = "<group>"; };
		D24FF7EEB299836AD567B51E /* ASEasyGameDifficultyCommand.h */ = {isa = PBXFileReference; fileEncoding = 4; lastKnownFileType = sourcecode.c.h; path = ASEasyGameDifficultyCommand.h; sourceTree = "<group>"; };
		D24FF8A3871D42CD4EAB3A2B /* ASRootNavigationController.h */ = {isa = PBXFileReference; fileEncoding = 4; lastKnownFileType = sourcecode.c.h; path = ASRootNavigationController.h; sourceTree = "<group>"; };
		D24FF8B98D890D4454017525 /* ASBinaryGameKeyGenerator.h */ = {isa = PBXFileReference; fileEncoding = 4; lastKnownFileType = sourcecode.c.h; path = ASBinaryGameKeyGenerator.h; sourceTree = "<group>"; };
		D24FF94CFE4AF907CF3E52F7 /* ASRootNavigationController.m */ = {isa = PBXFileReference; fileEncoding = 4; lastKnownFileType = sourcecode.c.objc; path = ASRootNavigationController.m; sourceTree = "<group>"; };
		D24FFA5B2637E560FB5FC4E9 /* ASGameMode.h */ = {isa = PBXFileReference; fileEncoding = 4; lastKnownFileType = sourcecode.c.h; path = ASGameMode.h; sourceTree = "<group>"; };
		D24FFA63D9D18EECEE65841E /* ASEasyGameDifficultyCommand.m */ = {isa = PBXFileReference; fileEncoding = 4; lastKnownFileType = sourcecode.c.objc; path = ASEasyGameDifficultyCommand.m; sourceTree = "<group>"; };
		D24FFA8B7A67624C1916B8E6 /* ASTypeFaceFactory.m */ = {isa = PBXFileReference; fileEncoding = 4; lastKnownFileType = sourcecode.c.objc; path = ASTypeFaceFactory.m; sourceTree = "<group>"; };
		D24FFBBE99999C74B3778E8C /* ASGame.h */ = {isa = PBXFileReference; fileEncoding = 4; lastKnownFileType = sourcecode.c.h; path = ASGame.h; sourceTree = "<group>"; };
		D24FFC00B986F60ED18ECFE4 /* ASBinaryGameKeyGeneratorTest.m */ = {isa = PBXFileReference; fileEncoding = 4; lastKnownFileType = sourcecode.c.objc; path = ASBinaryGameKeyGeneratorTest.m; sourceTree = "<group>"; };
		D24FFC5E0E7F86250B724112 /* ASBasicScoreTracker.h */ = {isa = PBXFileReference; fileEncoding = 4; lastKnownFileType = sourcecode.c.h; path = ASBasicScoreTracker.h; sourceTree = "<group>"; };
		D24FFC9D971C80BAB248182F /* ASBinaryGameSequenceCommand.h */ = {isa = PBXFileReference; fileEncoding = 4; lastKnownFileType = sourcecode.c.h; path = ASBinaryGameSequenceCommand.h; sourceTree = "<group>"; };
		D24FFCC3FB49BEE244CAC943 /* ASSingleGameCore.h */ = {isa = PBXFileReference; fileEncoding = 4; lastKnownFileType = sourcecode.c.h; path = ASSingleGameCore.h; sourceTree = "<group>"; };
		D24FFD685DC033BF8F800137 /* OldStyleNavigationControllerAnimatedTransition.m */ = {isa = PBXFileReference; fileEncoding = 4; lastKnownFileType = sourcecode.c.objc; path = OldStyleNavigationControllerAnimatedTransition.m; sourceTree = "<group>"; };
		D24FFD8EE73566971D7A947E /* ASCard.h */ = {isa = PBXFileReference; fileEncoding = 4; lastKnownFileType = sourcecode.c.h; path = ASCard.h; sourceTree = "<group>"; };
		D24FFDE52222FBC0B1D791C8 /* ASGameCore.m */ = {isa = PBXFileReference; fileEncoding = 4; lastKnownFileType = sourcecode.c.objc; path = ASGameCore.m; sourceTree = "<group>"; };
		D24FFE6DF52610733A52D1CA /* ASHomeViewController.m */ = {isa = PBXFileReference; fileEncoding = 4; lastKnownFileType = sourcecode.c.objc; path = ASHomeViewController.m; sourceTree = "<group>"; };
		D24FFEF69A3784BF4E4F0816 /* ASStandardGameMode.h */ = {isa = PBXFileReference; fileEncoding = 4; lastKnownFileType = sourcecode.c.h; path = ASStandardGameMode.h; sourceTree = "<group>"; };
		D24FFF195DE27AB6C4BAB27A /* ASBasicScoreTrackerTest.m */ = {isa = PBXFileReference; fileEncoding = 4; lastKnownFileType = sourcecode.c.objc; path = ASBasicScoreTrackerTest.m; sourceTree = "<group>"; };
		D24FFF5BE9CA6A03A7BBC529 /* ASHighScoreDAO.m */ = {isa = PBXFileReference; fileEncoding = 4; lastKnownFileType = sourcecode.c.objc; path = ASHighScoreDAO.m; sourceTree = "<group>"; };
		D24FFFC6368DBED22F65EE59 /* ASHardGameDifficultyCommand.h */ = {isa = PBXFileReference; fileEncoding = 4; lastKnownFileType = sourcecode.c.h; path = ASHardGameDifficultyCommand.h; sourceTree = "<group>"; };
/* End PBXFileReference section */

/* Begin PBXFrameworksBuildPhase section */
		C0A1E939192D6E4D00B4384D /* Frameworks */ = {
			isa = PBXFrameworksBuildPhase;
			buildActionMask = 2147483647;
			files = (
				C0A1E942192D6E4D00B4384D /* CoreGraphics.framework in Frameworks */,
				C0A1E946192D6E4D00B4384D /* CoreData.framework in Frameworks */,
				C0A1E944192D6E4D00B4384D /* UIKit.framework in Frameworks */,
				C0A1E940192D6E4D00B4384D /* Foundation.framework in Frameworks */,
			);
			runOnlyForDeploymentPostprocessing = 0;
		};
		C0A1E959192D6E4E00B4384D /* Frameworks */ = {
			isa = PBXFrameworksBuildPhase;
			buildActionMask = 2147483647;
			files = (
				C0A1E95E192D6E4E00B4384D /* XCTest.framework in Frameworks */,
				C0A1E961192D6E4E00B4384D /* CoreData.framework in Frameworks */,
				C0A1E960192D6E4E00B4384D /* UIKit.framework in Frameworks */,
				C0A1E95F192D6E4E00B4384D /* Foundation.framework in Frameworks */,
			);
			runOnlyForDeploymentPostprocessing = 0;
		};
/* End PBXFrameworksBuildPhase section */

/* Begin PBXGroup section */
		C024F1D21932E3650065FD33 /* Assets */ = {
			isa = PBXGroup;
			children = (
				C024F1D31932E37C0065FD33 /* Fonts */,
				C0A1E974192D6E6B00B4384D /* Images */,
				D24FFD1FBD2C0E3FF0B0566C /* Audio */,
			);
			name = Assets;
			sourceTree = "<group>";
		};
		C024F1D31932E37C0065FD33 /* Fonts */ = {
			isa = PBXGroup;
			children = (
				C024F1D01932E35D0065FD33 /* cm_fresh_paint.ttf */,
			);
			name = Fonts;
			sourceTree = "<group>";
		};
		C0A00D70194021E80003A7D5 /* view */ = {
			isa = PBXGroup;
			children = (
				C0A00D6D194021D90003A7D5 /* ASUILabel+PaintFont.h */,
				C0A00D6E194021D90003A7D5 /* ASUILabel+PaintFont.m */,
				C0D79167193BFE0100B756D1 /* ASCardView.h */,
				C0D79168193BFE0100B756D1 /* ASCardView.m */,
				C0A00D72194023B80003A7D5 /* ASUIButton+PaintFont.h */,
				C0A00D73194023B80003A7D5 /* ASUIButton+PaintFont.m */,
			);
			name = view;
			sourceTree = "<group>";
		};
		C0A00D71194021FF0003A7D5 /* controllers */ = {
			isa = PBXGroup;
			children = (
				C09F3B0019330997009BBE1C /* ASDifficultyViewController.h */,
				C09F3B0119330997009BBE1C /* ASDifficultyViewController.m */,
				C09F3B17193312CE009BBE1C /* ASGameViewController.h */,
				C09F3B18193312CE009BBE1C /* ASGameViewController.m */,
				C03A9A831940645400834100 /* ASHighScoreViewController.h */,
				C03A9A841940645400834100 /* ASHighScoreViewController.m */,
				D24FF21F3190031CD7090971 /* ASHomeViewController.h */,
				D24FFE6DF52610733A52D1CA /* ASHomeViewController.m */,
				C0D7916A193C118C00B756D1 /* ASUserGuessViewController.h */,
				C0D7916B193C118C00B756D1 /* ASUserGuessViewController.m */,
				C0A00D78194028930003A7D5 /* ASUserLostViewController.h */,
				C0A00D79194028930003A7D5 /* ASUserLostViewController.m */,
				C0A00D75194026010003A7D5 /* ASUserWinViewController.h */,
				C0A00D76194026010003A7D5 /* ASUserWinViewController.m */,
			);
			name = controllers;
			sourceTree = "<group>";
		};
		C0A1E933192D6E4D00B4384D = {
			isa = PBXGroup;
			children = (
				C0A1E947192D6E4D00B4384D /* Number Guess */,
				C0A1E964192D6E4E00B4384D /* Number GuessTests */,
				C0A1E93E192D6E4D00B4384D /* Frameworks */,
				C0A1E93D192D6E4D00B4384D /* Products */,
				D24FF94CFE4AF907CF3E52F7 /* ASRootNavigationController.m */,
				D24FF8A3871D42CD4EAB3A2B /* ASRootNavigationController.h */,
			);
			sourceTree = "<group>";
		};
		C0A1E93D192D6E4D00B4384D /* Products */ = {
			isa = PBXGroup;
			children = (
				C0A1E93C192D6E4D00B4384D /* Number Guess.app */,
				C0A1E95C192D6E4E00B4384D /* Number GuessTests.xctest */,
			);
			name = Products;
			sourceTree = "<group>";
		};
		C0A1E93E192D6E4D00B4384D /* Frameworks */ = {
			isa = PBXGroup;
			children = (
				C0A1E93F192D6E4D00B4384D /* Foundation.framework */,
				C0A1E941192D6E4D00B4384D /* CoreGraphics.framework */,
				C0A1E943192D6E4D00B4384D /* UIKit.framework */,
				C0A1E945192D6E4D00B4384D /* CoreData.framework */,
				C0A1E95D192D6E4E00B4384D /* XCTest.framework */,
			);
			name = Frameworks;
			sourceTree = "<group>";
		};
		C0A1E947192D6E4D00B4384D /* Number Guess */ = {
			isa = PBXGroup;
			children = (
				C0A00D71194021FF0003A7D5 /* controllers */,
				C0A00D70194021E80003A7D5 /* view */,
				C0A1E950192D6E4D00B4384D /* ASAppDelegate.h */,
				C0A1E951192D6E4D00B4384D /* ASAppDelegate.m */,
				D24FF44065F50EBF57979776 /* ASAudioEngine.h */,
				D24FF681654B497E079B10B9 /* ASAudioEngine.m */,
				D24FF29BF3746217CBD0317A /* ASTypeFaceFactory.h */,
				D24FFA8B7A67624C1916B8E6 /* ASTypeFaceFactory.m */,
				D24FF150E2701E462B0725FE /* commands */,
				C0A1E993192D71A800B4384D /* core */,
				C0A1E991192D6EBA00B4384D /* Game.storyboard */,
				C0A1E956192D6E4E00B4384D /* Images.xcassets */,
				C0A1E953192D6E4E00B4384D /* Number_Guess.xcdatamodeld */,
				C03A9A86194067AD00834100 /* HighScore.h */,
				C03A9A87194067AD00834100 /* HighScore.m */,
				D24FF0F33B1523C621F8E658 /* OldStyleNavigationControllerAnimatedTransition.h */,
				D24FFD685DC033BF8F800137 /* OldStyleNavigationControllerAnimatedTransition.m */,
				C0A1E948192D6E4D00B4384D /* Supporting Files */,
				D24FFF5BE9CA6A03A7BBC529 /* ASHighScoreDAO.m */,
				D24FF5ADC8E3BEDB9D19314E /* ASHighScoreDAO.h */,
			);
			path = "Number Guess";
			sourceTree = "<group>";
		};
		C0A1E948192D6E4D00B4384D /* Supporting Files */ = {
			isa = PBXGroup;
			children = (
				C024F1D21932E3650065FD33 /* Assets */,
				C0A1E949192D6E4D00B4384D /* Number Guess-Info.plist */,
				C0A1E94A192D6E4D00B4384D /* InfoPlist.strings */,
				C0A1E94D192D6E4D00B4384D /* main.m */,
				C0A1E94F192D6E4D00B4384D /* Number Guess-Prefix.pch */,
			);
			name = "Supporting Files";
			sourceTree = "<group>";
		};
		C0A1E964192D6E4E00B4384D /* Number GuessTests */ = {
			isa = PBXGroup;
			children = (
				C0A1E994192D82FF00B4384D /* core */,
				C0A1E96A192D6E4E00B4384D /* Number_GuessTests.m */,
				C0A1E965192D6E4E00B4384D /* Supporting Files */,
			);
			path = "Number GuessTests";
			sourceTree = "<group>";
		};
		C0A1E965192D6E4E00B4384D /* Supporting Files */ = {
			isa = PBXGroup;
			children = (
				C0A1E966192D6E4E00B4384D /* Number GuessTests-Info.plist */,
				C0A1E967192D6E4E00B4384D /* InfoPlist.strings */,
			);
			name = "Supporting Files";
			sourceTree = "<group>";
		};
		C0A1E974192D6E6B00B4384D /* Images */ = {
			isa = PBXGroup;
			children = (
				C09F3B0A19330F5A009BBE1C /* arrow_left.png */,
				C09F3B0419330F4B009BBE1C /* arrow_left@2x.png */,
				C09F3B0919330F5A009BBE1C /* arrow_left_invert.png */,
				C09F3B0319330F4B009BBE1C /* arrow_left_invert@2x.png */,
				C09F3B0B19330F5A009BBE1C /* arrow_right.png */,
				C09F3B0519330F4B009BBE1C /* arrow_right@2x.png */,
				C0A55544193BE9CA0002DE57 /* background.png */,
				C0A55546193BE9D40002DE57 /* background@2x.png */,
				C09F3B10193310B2009BBE1C /* buttonboard_280_48.png */,
				C09F3B14193310BE009BBE1C /* buttonboard_280_48@2x.png */,
				C0A3ECE4193F579900EA283F /* buttonboard_280_48_left.png */,
				C0A3ECE0193F578A00EA283F /* buttonboard_280_48_left@2x.png */,
				C09F3B0F193310B2009BBE1C /* buttonboard_280_48_right.png */,
				C09F3B13193310BE009BBE1C /* buttonboard_280_48_right@2x.png */,
				C0A1E983192D6EA300B4384D /* canvas_view.png */,
				C0A1E975192D6E9100B4384D /* canvas_view@2x.png */,
				C0A3ECEC193F5C5200EA283F /* corkboard_280_160.png */,
				C0A3ECE8193F5C4700EA283F /* corkboard_280_160@2x.png */,
				C0A3ECE5193F579900EA283F /* corkboard_280_460.png */,
				C0A3ECE1193F578A00EA283F /* corkboard_280_460@2x.png */,
				C09F3AFC1933082A009BBE1C /* corkboard_280_50.png */,
				C09F3AF81933081F009BBE1C /* corkboard_280_50@2x.png */,
				C0A1E984192D6EA300B4384D /* game_view.png */,
				C0A1E976192D6E9100B4384D /* game_view@2x.png */,
				C09F3AFD1933082A009BBE1C /* sand.png */,
				C09F3AF91933081F009BBE1C /* sand@2x.png */,
				C0A1E985192D6EA300B4384D /* sign_cross.png */,
				C0A1E977192D6E9100B4384D /* sign_cross@2x.png */,
				C0A1E986192D6EA300B4384D /* sign_left.png */,
				C0A1E978192D6E9100B4384D /* sign_left@2x.png */,
				C0A1E987192D6EA300B4384D /* sign_question.png */,
				C0A1E979192D6E9100B4384D /* sign_question@2x.png */,
				C0A1E988192D6EA300B4384D /* sign_right.png */,
				C0A1E97A192D6E9100B4384D /* sign_right@2x.png */,
				C0A1E989192D6EA300B4384D /* sign_tick.png */,
				C0A1E97B192D6E9100B4384D /* sign_tick@2x.png */,
				C0A3ECED193F5C5200EA283F /* trophy_golden.png */,
				C0A3ECE9193F5C4700EA283F /* trophy_golden@2x.png */,
			);
			name = Images;
			sourceTree = "<group>";
		};
		C0A1E993192D71A800B4384D /* core */ = {
			isa = PBXGroup;
			children = (
				D24FF648D84D1A29BDC840CE /* ASCard.m */,
				D24FFD8EE73566971D7A947E /* ASCard.h */,
				D24FF767D1BD30688F6EAEC9 /* ASGameKeyGenerator.h */,
				D24FF8B98D890D4454017525 /* ASBinaryGameKeyGenerator.h */,
				D24FF1792541532F9118E6E5 /* ASBinaryGameKeyGenerator.m */,
				D24FFA5B2637E560FB5FC4E9 /* ASGameMode.h */,
				D24FF64FEE2F9762A3EA6E70 /* ASStandardGameMode.m */,
				D24FFEF69A3784BF4E4F0816 /* ASStandardGameMode.h */,
				D24FF5DD64189A99D5330541 /* ASGameScoreTracker.h */,
				D24FF1F66FCFA64260B320C6 /* ASBasicScoreTracker.m */,
				D24FFC5E0E7F86250B724112 /* ASBasicScoreTracker.h */,
				D24FFBBE99999C74B3778E8C /* ASGame.h */,
				D24FFDE52222FBC0B1D791C8 /* ASGameCore.m */,
				D24FF05B42845EC5FC4E83FB /* ASGameCore.h */,
				D24FF484CEC2E5116F750A0E /* ASSingleGameCore.m */,
				D24FFCC3FB49BEE244CAC943 /* ASSingleGameCore.h */,
			);
			name = core;
			sourceTree = "<group>";
		};
		C0A1E994192D82FF00B4384D /* core */ = {
			isa = PBXGroup;
			children = (
				C0A1E995192D836400B4384D /* ASCardTest.m */,
				D24FFC00B986F60ED18ECFE4 /* ASBinaryGameKeyGeneratorTest.m */,
				D24FFF195DE27AB6C4BAB27A /* ASBasicScoreTrackerTest.m */,
				D24FF496E6D0F93433933EED /* ASStandardGameModeTest.m */,
				D24FF573F97F87F7BB129BA8 /* ASGameCoreTest.m */,
			);
			name = core;
			sourceTree = "<group>";
		};
		D24FF150E2701E462B0725FE /* commands */ = {
			isa = PBXGroup;
			children = (
				D24FF48F4DDC7BB722CB33BB /* Command.h */,
				D24FF303B88E450E3F64FA8A /* ASBinaryGameSequenceCommand.m */,
				D24FFC9D971C80BAB248182F /* ASBinaryGameSequenceCommand.h */,
				D24FFA63D9D18EECEE65841E /* ASEasyGameDifficultyCommand.m */,
				D24FF7EEB299836AD567B51E /* ASEasyGameDifficultyCommand.h */,
				D24FF203DDEB5AAA6A208847 /* ASMediumGameDifficultyCommand.m */,
				D24FF105C9DCE217A1B14CD5 /* ASMediumGameDifficultyCommand.h */,
				D24FF622CE0D43C9F01D3088 /* ASHardGameDifficultyCommand.m */,
				D24FFFC6368DBED22F65EE59 /* ASHardGameDifficultyCommand.h */,
				D24FF63D70DE4B94E22B73A0 /* ASCustomGameDifficultyCommand.m */,
				D24FF2B705A6D1EBFA1F61FE /* ASCustomGameDifficultyCommand.h */,
			);
			path = commands;
			sourceTree = "<group>";
		};
		D24FFD1FBD2C0E3FF0B0566C /* Audio */ = {
			isa = PBXGroup;
			children = (
				C0A3ECD8193F2B6400EA283F /* back.mp3 */,
				C0A3ECD9193F2B6400EA283F /* card_transition.mp3 */,
				C0A3ECDA193F2B6400EA283F /* confirm.mp3 */,
				C0A3ECDB193F2B6500EA283F /* lobby.mp3 */,
			);
			name = Audio;
			sourceTree = "<group>";
		};
/* End PBXGroup section */

/* Begin PBXNativeTarget section */
		C0A1E93B192D6E4D00B4384D /* Number Guess */ = {
			isa = PBXNativeTarget;
			buildConfigurationList = C0A1E96E192D6E4E00B4384D /* Build configuration list for PBXNativeTarget "Number Guess" */;
			buildPhases = (
				C0A1E938192D6E4D00B4384D /* Sources */,
				C0A1E939192D6E4D00B4384D /* Frameworks */,
				C0A1E93A192D6E4D00B4384D /* Resources */,
			);
			buildRules = (
			);
			dependencies = (
			);
			name = "Number Guess";
			productName = "Number Guess";
			productReference = C0A1E93C192D6E4D00B4384D /* Number Guess.app */;
			productType = "com.apple.product-type.application";
		};
		C0A1E95B192D6E4E00B4384D /* Number GuessTests */ = {
			isa = PBXNativeTarget;
			buildConfigurationList = C0A1E971192D6E4E00B4384D /* Build configuration list for PBXNativeTarget "Number GuessTests" */;
			buildPhases = (
				C0A1E958192D6E4E00B4384D /* Sources */,
				C0A1E959192D6E4E00B4384D /* Frameworks */,
				C0A1E95A192D6E4E00B4384D /* Resources */,
			);
			buildRules = (
			);
			dependencies = (
				C0A1E963192D6E4E00B4384D /* PBXTargetDependency */,
			);
			name = "Number GuessTests";
			productName = "Number GuessTests";
			productReference = C0A1E95C192D6E4E00B4384D /* Number GuessTests.xctest */;
			productType = "com.apple.product-type.bundle.unit-test";
		};
/* End PBXNativeTarget section */

/* Begin PBXProject section */
		C0A1E934192D6E4D00B4384D /* Project object */ = {
			isa = PBXProject;
			attributes = {
				CLASSPREFIX = AS;
				LastUpgradeCheck = 0510;
				ORGANIZATIONNAME = "ITJCU Mobile Technology";
				TargetAttributes = {
					C0A1E95B192D6E4E00B4384D = {
						TestTargetID = C0A1E93B192D6E4D00B4384D;
					};
				};
			};
			buildConfigurationList = C0A1E937192D6E4D00B4384D /* Build configuration list for PBXProject "Number Guess" */;
			compatibilityVersion = "Xcode 3.2";
			developmentRegion = English;
			hasScannedForEncodings = 0;
			knownRegions = (
				en,
			);
			mainGroup = C0A1E933192D6E4D00B4384D;
			productRefGroup = C0A1E93D192D6E4D00B4384D /* Products */;
			projectDirPath = "";
			projectRoot = "";
			targets = (
				C0A1E93B192D6E4D00B4384D /* Number Guess */,
				C0A1E95B192D6E4E00B4384D /* Number GuessTests */,
			);
		};
/* End PBXProject section */

/* Begin PBXResourcesBuildPhase section */
		C0A1E93A192D6E4D00B4384D /* Resources */ = {
			isa = PBXResourcesBuildPhase;
			buildActionMask = 2147483647;
			files = (
				C0A3ECEF193F5C5200EA283F /* trophy_golden.png in Resources */,
				C09F3B0819330F4B009BBE1C /* arrow_right@2x.png in Resources */,
				C0A1E97F192D6E9100B4384D /* sign_left@2x.png in Resources */,
				C0A3ECEA193F5C4700EA283F /* corkboard_280_160@2x.png in Resources */,
				C09F3B0E19330F5A009BBE1C /* arrow_right.png in Resources */,
				C0A1E94C192D6E4D00B4384D /* InfoPlist.strings in Resources */,
				C0A1E97E192D6E9100B4384D /* sign_cross@2x.png in Resources */,
				C0A3ECDD193F2B6500EA283F /* card_transition.mp3 in Resources */,
				C0A1E982192D6E9100B4384D /* sign_tick@2x.png in Resources */,
				C0A1E97D192D6E9100B4384D /* game_view@2x.png in Resources */,
				C09F3B0619330F4B009BBE1C /* arrow_left_invert@2x.png in Resources */,
				C0A1E981192D6E9100B4384D /* sign_right@2x.png in Resources */,
				C09F3B11193310B2009BBE1C /* buttonboard_280_48_right.png in Resources */,
				C09F3B0C19330F5A009BBE1C /* arrow_left_invert.png in Resources */,
				C0A3ECE6193F579900EA283F /* buttonboard_280_48_left.png in Resources */,
				C0A1E98E192D6EA300B4384D /* sign_question.png in Resources */,
				C0A55547193BE9D40002DE57 /* background@2x.png in Resources */,
				C0A3ECE7193F579900EA283F /* corkboard_280_460.png in Resources */,
				C0A1E98A192D6EA300B4384D /* canvas_view.png in Resources */,
				C0A1E98F192D6EA300B4384D /* sign_right.png in Resources */,
				C0A1E98D192D6EA300B4384D /* sign_left.png in Resources */,
				C09F3AFB1933081F009BBE1C /* sand@2x.png in Resources */,
				C0A1E98C192D6EA300B4384D /* sign_cross.png in Resources */,
				C09F3B12193310B2009BBE1C /* buttonboard_280_48.png in Resources */,
				C09F3B0D19330F5A009BBE1C /* arrow_left.png in Resources */,
				C0A1E992192D6EBA00B4384D /* Game.storyboard in Resources */,
				C0A3ECDC193F2B6500EA283F /* back.mp3 in Resources */,
				C0A3ECEE193F5C5200EA283F /* corkboard_280_160.png in Resources */,
				C024F1D11932E35D0065FD33 /* cm_fresh_paint.ttf in Resources */,
				C09F3AFA1933081F009BBE1C /* corkboard_280_50@2x.png in Resources */,
				C0A3ECDF193F2B6500EA283F /* lobby.mp3 in Resources */,
				C0A3ECDE193F2B6500EA283F /* confirm.mp3 in Resources */,
				C0A1E990192D6EA300B4384D /* sign_tick.png in Resources */,
				C0A1E97C192D6E9100B4384D /* canvas_view@2x.png in Resources */,
				C09F3AFF1933082A009BBE1C /* sand.png in Resources */,
				C0A3ECE3193F578A00EA283F /* corkboard_280_460@2x.png in Resources */,
				C09F3B0719330F4B009BBE1C /* arrow_left@2x.png in Resources */,
				C0A3ECEB193F5C4700EA283F /* trophy_golden@2x.png in Resources */,
				C0A1E980192D6E9100B4384D /* sign_question@2x.png in Resources */,
				C0A1E957192D6E4E00B4384D /* Images.xcassets in Resources */,
				C09F3B15193310BE009BBE1C /* buttonboard_280_48_right@2x.png in Resources */,
				C0A1E98B192D6EA300B4384D /* game_view.png in Resources */,
				C09F3B16193310BE009BBE1C /* buttonboard_280_48@2x.png in Resources */,
				C0A55545193BE9CA0002DE57 /* background.png in Resources */,
				C09F3AFE1933082A009BBE1C /* corkboard_280_50.png in Resources */,
				C0A3ECE2193F578A00EA283F /* buttonboard_280_48_left@2x.png in Resources */,
			);
			runOnlyForDeploymentPostprocessing = 0;
		};
		C0A1E95A192D6E4E00B4384D /* Resources */ = {
			isa = PBXResourcesBuildPhase;
			buildActionMask = 2147483647;
			files = (
				C0A1E969192D6E4E00B4384D /* InfoPlist.strings in Resources */,
			);
			runOnlyForDeploymentPostprocessing = 0;
		};
/* End PBXResourcesBuildPhase section */

/* Begin PBXSourcesBuildPhase section */
		C0A1E938192D6E4D00B4384D /* Sources */ = {
			isa = PBXSourcesBuildPhase;
			buildActionMask = 2147483647;
			files = (
				C0A1E955192D6E4E00B4384D /* Number_Guess.xcdatamodeld in Sources */,
				C0A1E952192D6E4D00B4384D /* ASAppDelegate.m in Sources */,
				C03A9A88194067AD00834100 /* HighScore.m in Sources */,
				C0A1E94E192D6E4D00B4384D /* main.m in Sources */,
				D24FF1F1AE0839B8FB95DDDB /* ASCard.m in Sources */,
				D24FFFBCFA13A793D58FE473 /* ASBinaryGameKeyGenerator.m in Sources */,
				C0A00D74194023B80003A7D5 /* ASUIButton+PaintFont.m in Sources */,
				C0A00D7A194028930003A7D5 /* ASUserLostViewController.m in Sources */,
				D24FF28539B09868DB012483 /* ASStandardGameMode.m in Sources */,
				D24FF65374F8B49D146BCFD9 /* ASBasicScoreTracker.m in Sources */,
				D24FFAC504DB90FA69990695 /* ASGameCore.m in Sources */,
				D24FF2E3C653D7BA04DC387B /* ASSingleGameCore.m in Sources */,
				C0A00D6F194021D90003A7D5 /* ASUILabel+PaintFont.m in Sources */,
				D24FFAFDBA89206BC2F75C77 /* ASBinaryGameSequenceCommand.m in Sources */,
				C0D7916C193C118C00B756D1 /* ASUserGuessViewController.m in Sources */,
				D24FF253861D687C31E454DF /* ASEasyGameDifficultyCommand.m in Sources */,
				D24FFE6BD8D6E4212CCCDA1C /* ASMediumGameDifficultyCommand.m in Sources */,
				C0A00D77194026010003A7D5 /* ASUserWinViewController.m in Sources */,
				D24FF77CD53F9C9FBC96B7B6 /* ASHardGameDifficultyCommand.m in Sources */,
				D24FFBCEC70CC79A706478DE /* ASCustomGameDifficultyCommand.m in Sources */,
				C03A9A851940645400834100 /* ASHighScoreViewController.m in Sources */,
				C09F3B0219330997009BBE1C /* ASDifficultyViewController.m in Sources */,
				C09F3B19193312CE009BBE1C /* ASGameViewController.m in Sources */,
				D24FF221C11C70DD8345F661 /* ASHomeViewController.m in Sources */,
				C0D79169193BFE0100B756D1 /* ASCardView.m in Sources */,
				D24FFD339A184F7B4A920B2D /* OldStyleNavigationControllerAnimatedTransition.m in Sources */,
				D24FF36D9CE91D194ACBE8D7 /* ASAudioEngine.m in Sources */,
				D24FFCF1B8AFF02573BC1866 /* ASTypeFaceFactory.m in Sources */,
				D24FF5E789E31DCE92533C88 /* ASHighScoreDAO.m in Sources */,
				D24FFB1AD7F95ECFE7FD0257 /* ASRootNavigationController.m in Sources */,
			);
			runOnlyForDeploymentPostprocessing = 0;
		};
		C0A1E958192D6E4E00B4384D /* Sources */ = {
			isa = PBXSourcesBuildPhase;
			buildActionMask = 2147483647;
			files = (
				C0A1E96B192D6E4E00B4384D /* Number_GuessTests.m in Sources */,
				C0A1E996192D836400B4384D /* ASCardTest.m in Sources */,
				D24FF412A314627A405ACE47 /* ASBinaryGameKeyGeneratorTest.m in Sources */,
				D24FFA454AC1079D6BA2568E /* ASBasicScoreTrackerTest.m in Sources */,
				D24FF4AE9683B70B11D39118 /* ASStandardGameModeTest.m in Sources */,
				D24FF5304D9B5254CF512ECF /* ASGameCoreTest.m in Sources */,
			);
			runOnlyForDeploymentPostprocessing = 0;
		};
/* End PBXSourcesBuildPhase section */

/* Begin PBXTargetDependency section */
		C0A1E963192D6E4E00B4384D /* PBXTargetDependency */ = {
			isa = PBXTargetDependency;
			target = C0A1E93B192D6E4D00B4384D /* Number Guess */;
			targetProxy = C0A1E962192D6E4E00B4384D /* PBXContainerItemProxy */;
		};
/* End PBXTargetDependency section */

/* Begin PBXVariantGroup section */
		C0A1E94A192D6E4D00B4384D /* InfoPlist.strings */ = {
			isa = PBXVariantGroup;
			children = (
				C0A1E94B192D6E4D00B4384D /* en */,
			);
			name = InfoPlist.strings;
			sourceTree = "<group>";
		};
		C0A1E967192D6E4E00B4384D /* InfoPlist.strings */ = {
			isa = PBXVariantGroup;
			children = (
				C0A1E968192D6E4E00B4384D /* en */,
			);
			name = InfoPlist.strings;
			sourceTree = "<group>";
		};
/* End PBXVariantGroup section */

/* Begin XCBuildConfiguration section */
		C0A1E96C192D6E4E00B4384D /* Debug */ = {
			isa = XCBuildConfiguration;
			buildSettings = {
				ALWAYS_SEARCH_USER_PATHS = NO;
				CLANG_CXX_LANGUAGE_STANDARD = "gnu++0x";
				CLANG_CXX_LIBRARY = "libc++";
				CLANG_ENABLE_MODULES = YES;
				CLANG_ENABLE_OBJC_ARC = YES;
				CLANG_WARN_BOOL_CONVERSION = YES;
				CLANG_WARN_CONSTANT_CONVERSION = YES;
				CLANG_WARN_DIRECT_OBJC_ISA_USAGE = YES_ERROR;
				CLANG_WARN_EMPTY_BODY = YES;
				CLANG_WARN_ENUM_CONVERSION = YES;
				CLANG_WARN_INT_CONVERSION = YES;
				CLANG_WARN_OBJC_ROOT_CLASS = YES_ERROR;
				CLANG_WARN__DUPLICATE_METHOD_MATCH = YES;
				"CODE_SIGN_IDENTITY[sdk=iphoneos*]" = "iPhone Developer";
				COPY_PHASE_STRIP = NO;
				GCC_C_LANGUAGE_STANDARD = gnu99;
				GCC_DYNAMIC_NO_PIC = NO;
				GCC_OPTIMIZATION_LEVEL = 0;
				GCC_PREPROCESSOR_DEFINITIONS = (
					"DEBUG=1",
					"$(inherited)",
				);
				GCC_SYMBOLS_PRIVATE_EXTERN = NO;
				GCC_WARN_64_TO_32_BIT_CONVERSION = YES;
				GCC_WARN_ABOUT_RETURN_TYPE = YES_ERROR;
				GCC_WARN_UNDECLARED_SELECTOR = YES;
				GCC_WARN_UNINITIALIZED_AUTOS = YES_AGGRESSIVE;
				GCC_WARN_UNUSED_FUNCTION = YES;
				GCC_WARN_UNUSED_VARIABLE = YES;
				IPHONEOS_DEPLOYMENT_TARGET = 7.1;
				ONLY_ACTIVE_ARCH = YES;
				SDKROOT = iphoneos;
			};
			name = Debug;
		};
		C0A1E96D192D6E4E00B4384D /* Release */ = {
			isa = XCBuildConfiguration;
			buildSettings = {
				ALWAYS_SEARCH_USER_PATHS = NO;
				CLANG_CXX_LANGUAGE_STANDARD = "gnu++0x";
				CLANG_CXX_LIBRARY = "libc++";
				CLANG_ENABLE_MODULES = YES;
				CLANG_ENABLE_OBJC_ARC = YES;
				CLANG_WARN_BOOL_CONVERSION = YES;
				CLANG_WARN_CONSTANT_CONVERSION = YES;
				CLANG_WARN_DIRECT_OBJC_ISA_USAGE = YES_ERROR;
				CLANG_WARN_EMPTY_BODY = YES;
				CLANG_WARN_ENUM_CONVERSION = YES;
				CLANG_WARN_INT_CONVERSION = YES;
				CLANG_WARN_OBJC_ROOT_CLASS = YES_ERROR;
				CLANG_WARN__DUPLICATE_METHOD_MATCH = YES;
				"CODE_SIGN_IDENTITY[sdk=iphoneos*]" = "iPhone Developer";
				COPY_PHASE_STRIP = YES;
				ENABLE_NS_ASSERTIONS = NO;
				GCC_C_LANGUAGE_STANDARD = gnu99;
				GCC_WARN_64_TO_32_BIT_CONVERSION = YES;
				GCC_WARN_ABOUT_RETURN_TYPE = YES_ERROR;
				GCC_WARN_UNDECLARED_SELECTOR = YES;
				GCC_WARN_UNINITIALIZED_AUTOS = YES_AGGRESSIVE;
				GCC_WARN_UNUSED_FUNCTION = YES;
				GCC_WARN_UNUSED_VARIABLE = YES;
				IPHONEOS_DEPLOYMENT_TARGET = 7.1;
				SDKROOT = iphoneos;
				VALIDATE_PRODUCT = YES;
			};
			name = Release;
		};
		C0A1E96F192D6E4E00B4384D /* Debug */ = {
			isa = XCBuildConfiguration;
			buildSettings = {
				ASSETCATALOG_COMPILER_APPICON_NAME = AppIcon;
				ASSETCATALOG_COMPILER_LAUNCHIMAGE_NAME = LaunchImage;
				GCC_PRECOMPILE_PREFIX_HEADER = YES;
				GCC_PREFIX_HEADER = "Number Guess/Number Guess-Prefix.pch";
				INFOPLIST_FILE = "Number Guess/Number Guess-Info.plist";
				IPHONEOS_DEPLOYMENT_TARGET = 7.0;
				PRODUCT_NAME = "$(TARGET_NAME)";
				WRAPPER_EXTENSION = app;
			};
			name = Debug;
		};
		C0A1E970192D6E4E00B4384D /* Release */ = {
			isa = XCBuildConfiguration;
			buildSettings = {
				ASSETCATALOG_COMPILER_APPICON_NAME = AppIcon;
				ASSETCATALOG_COMPILER_LAUNCHIMAGE_NAME = LaunchImage;
				GCC_PRECOMPILE_PREFIX_HEADER = YES;
				GCC_PREFIX_HEADER = "Number Guess/Number Guess-Prefix.pch";
				INFOPLIST_FILE = "Number Guess/Number Guess-Info.plist";
				IPHONEOS_DEPLOYMENT_TARGET = 7.0;
				PRODUCT_NAME = "$(TARGET_NAME)";
				WRAPPER_EXTENSION = app;
			};
			name = Release;
		};
		C0A1E972192D6E4E00B4384D /* Debug */ = {
			isa = XCBuildConfiguration;
			buildSettings = {
				BUNDLE_LOADER = "$(BUILT_PRODUCTS_DIR)/Number Guess.app/Number Guess";
				FRAMEWORK_SEARCH_PATHS = (
					"$(SDKROOT)/Developer/Library/Frameworks",
					"$(inherited)",
					"$(DEVELOPER_FRAMEWORKS_DIR)",
				);
				GCC_PRECOMPILE_PREFIX_HEADER = YES;
				GCC_PREFIX_HEADER = "Number Guess/Number Guess-Prefix.pch";
				GCC_PREPROCESSOR_DEFINITIONS = (
					"DEBUG=1",
					"$(inherited)",
				);
				INFOPLIST_FILE = "Number GuessTests/Number GuessTests-Info.plist";
				PRODUCT_NAME = "$(TARGET_NAME)";
				TEST_HOST = "$(BUNDLE_LOADER)";
				WRAPPER_EXTENSION = xctest;
			};
			name = Debug;
		};
		C0A1E973192D6E4E00B4384D /* Release */ = {
			isa = XCBuildConfiguration;
			buildSettings = {
				BUNDLE_LOADER = "$(BUILT_PRODUCTS_DIR)/Number Guess.app/Number Guess";
				FRAMEWORK_SEARCH_PATHS = (
					"$(SDKROOT)/Developer/Library/Frameworks",
					"$(inherited)",
					"$(DEVELOPER_FRAMEWORKS_DIR)",
				);
				GCC_PRECOMPILE_PREFIX_HEADER = YES;
				GCC_PREFIX_HEADER = "Number Guess/Number Guess-Prefix.pch";
				INFOPLIST_FILE = "Number GuessTests/Number GuessTests-Info.plist";
				PRODUCT_NAME = "$(TARGET_NAME)";
				TEST_HOST = "$(BUNDLE_LOADER)";
				WRAPPER_EXTENSION = xctest;
			};
			name = Release;
		};
/* End XCBuildConfiguration section */

/* Begin XCConfigurationList section */
		C0A1E937192D6E4D00B4384D /* Build configuration list for PBXProject "Number Guess" */ = {
			isa = XCConfigurationList;
			buildConfigurations = (
				C0A1E96C192D6E4E00B4384D /* Debug */,
				C0A1E96D192D6E4E00B4384D /* Release */,
			);
			defaultConfigurationIsVisible = 0;
			defaultConfigurationName = Release;
		};
		C0A1E96E192D6E4E00B4384D /* Build configuration list for PBXNativeTarget "Number Guess" */ = {
			isa = XCConfigurationList;
			buildConfigurations = (
				C0A1E96F192D6E4E00B4384D /* Debug */,
				C0A1E970192D6E4E00B4384D /* Release */,
			);
			defaultConfigurationIsVisible = 0;
			defaultConfigurationName = Release;
		};
		C0A1E971192D6E4E00B4384D /* Build configuration list for PBXNativeTarget "Number GuessTests" */ = {
			isa = XCConfigurationList;
			buildConfigurations = (
				C0A1E972192D6E4E00B4384D /* Debug */,
				C0A1E973192D6E4E00B4384D /* Release */,
			);
			defaultConfigurationIsVisible = 0;
			defaultConfigurationName = Release;
		};
/* End XCConfigurationList section */

/* Begin XCVersionGroup section */
		C0A1E953192D6E4E00B4384D /* Number_Guess.xcdatamodeld */ = {
			isa = XCVersionGroup;
			children = (
				C0A1E954192D6E4E00B4384D /* Number_Guess.xcdatamodel */,
			);
			currentVersion = C0A1E954192D6E4E00B4384D /* Number_Guess.xcdatamodel */;
			path = Number_Guess.xcdatamodeld;
			sourceTree = "<group>";
			versionGroupType = wrapper.xcdatamodel;
		};
/* End XCVersionGroup section */
	};
	rootObject = C0A1E934192D6E4D00B4384D /* Project object */;
}
